
Microsoft Visual Studio Solution File, Format Version 12.00
# Visual Studio Version 16
VisualStudioVersion = 16.0.29409.12
MinimumVisualStudioVersion = 10.0.40219.1
Project("{9A19103F-16F7-4668-BE54-9A1E7A4F7556}") = "System.ObjectEnum", "System.ObjectEnum\System.ObjectEnum.csproj", "{1855DAA5-A166-4D34-81EC-40A07869A251}"
EndProject
Project("{9A19103F-16F7-4668-BE54-9A1E7A4F7556}") = "Sample", "Sample\Sample.csproj", "{65AC810F-BB43-4F56-B00F-F244C6736C97}"
EndProject
Project("{9A19103F-16F7-4668-BE54-9A1E7A4F7556}") = "System.ObjectEnum.Tests", "System.ObjectEnum.Tests\System.ObjectEnum.Tests.csproj", "{BEEEC800-BE01-4A4F-B48C-9A0A10FC150F}"
EndProject
Global
	GlobalSection(SolutionConfigurationPlatforms) = preSolution
		Debug|Any CPU = Debug|Any CPU
		Release|Any CPU = Release|Any CPU
	EndGlobalSection
	GlobalSection(ProjectConfigurationPlatforms) = postSolution
		{1855DAA5-A166-4D34-81EC-40A07869A251}.Debug|Any CPU.ActiveCfg = Debug|Any CPU
		{1855DAA5-A166-4D34-81EC-40A07869A251}.Debug|Any CPU.Build.0 = Debug|Any CPU
		{1855DAA5-A166-4D34-81EC-40A07869A251}.Release|Any CPU.ActiveCfg = Release|Any CPU
		{1855DAA5-A166-4D34-81EC-40A07869A251}.Release|Any CPU.Build.0 = Release|Any CPU
		{65AC810F-BB43-4F56-B00F-F244C6736C97}.Debug|Any CPU.ActiveCfg = Debug|Any CPU
		{65AC810F-BB43-4F56-B00F-F244C6736C97}.Debug|Any CPU.Build.0 = Debug|Any CPU
		{65AC810F-BB43-4F56-B00F-F244C6736C97}.Release|Any CPU.ActiveCfg = Release|Any CPU
		{65AC810F-BB43-4F56-B00F-F244C6736C97}.Release|Any CPU.Build.0 = Release|Any CPU
		{BEEEC800-BE01-4A4F-B48C-9A0A10FC150F}.Debug|Any CPU.ActiveCfg = Debug|Any CPU
		{BEEEC800-BE01-4A4F-B48C-9A0A10FC150F}.Debug|Any CPU.Build.0 = Debug|Any CPU
		{BEEEC800-BE01-4A4F-B48C-9A0A10FC150F}.Release|Any CPU.ActiveCfg = Release|Any CPU
		{BEEEC800-BE01-4A4F-B48C-9A0A10FC150F}.Release|Any CPU.Build.0 = Release|Any CPU
	EndGlobalSection
	GlobalSection(SolutionProperties) = preSolution
		HideSolutionNode = FALSE
	EndGlobalSection
	GlobalSection(ExtensibilityGlobals) = postSolution
		SolutionGuid = {C82F08D2-8AB6-4325-95F3-85AA0F80BB81}
	EndGlobalSection
EndGlobal
